{
  "name": "jugabet-admin-css",
  "version": "1.0.0",
  "lockfileVersion": 3,
  "requires": true,
  "packages": {
    "": {
      "name": "jugabet-admin-css",
      "version": "1.0.0",
      "devDependencies": {
        "@tailwindcss/forms": "^0.5.10",
        "tailwindcss": "^4.3.1"
      }
    },
    "node_modules/@tailwindcss/forms": {
      "version": "0.5.11",
      "resolved": "https://registry.npmjs.org/@tailwindcss/forms/-/forms-0.5.11.tgz",
      "integrity": "sha512-h9wegbZDPurxG22xZSoWtdzc41/OlNEUQERNqI/0fOwa2aVlWGu7C35E/x6LDyD3lgtztFSSjKZyuVM0hxhbgA==",
      "dev": true,
      "license": "MIT",
      "dependencies": {
        "mini-svg-data-uri": "^1.2.3"
      },
      "peerDependencies": {
        "tailwindcss": ">=3.0.0 || >= 3.0.0-alpha.1 || >= 4.0.0-alpha.20 || >= 4.0.0-beta.1"
      }
    },
    "node_modules/mini-svg-data-uri": {
      "version": "1.4.4",
      "resolved": "https://registry.npmjs.org/mini-svg-data-uri/-/mini-svg-data-uri-1.4.4.tgz",
      "integrity": "sha512-r9deDe9p5FJUPZAk3A59wGH7Ii9YrjjWw0jmw/liSbHl2CHiyXj6FcDXDu2K3TjVAXqiJdaw3xxwlZZr9E6nHg==",
      "dev": true,
      "license": "MIT",
      "bin": {
        "mini-svg-data-uri": "cli.js"
      }
    },
    "node_modules/tailwindcss": {
      "version": "4.3.1",
      "resolved": "https://registry.npmjs.org/tailwindcss/-/tailwindcss-4.3.1.tgz",
      "integrity": "sha512-hk+TB1m+K8CYNrP6rjQaq/Y+4Zylwpa87mLYBKCunwnnQ9p+fHb7kmSfGqyEJoxF/O6CDyABWVFEafNSYKll+Q==",
      "dev": true,
      "license": "MIT"
    }
  }
}
